// !$*UTF8*$!
{
	archiveVersion = 1;
	classes = {
	};
	objectVersion = 50;
	objects = {

/* Begin PBXBuildFile section */
		8A53A3036B70BB3F3C8ABD77 /* Pods_algo.framework in Frameworks */ = {isa = PBXBuildFile; fileRef = BFABA4D026904D90A7F2E4EB /* Pods_algo.framework */; };
		98B652E824802A7000BBE2BC /* main.swift in Sources */ = {isa = PBXBuildFile; fileRef = 98B652E724802A7000BBE2BC /* main.swift */; };
		98B652EF24802ACE00BBE2BC /* NamedEntity.swift in Sources */ = {isa = PBXBuildFile; fileRef = 98B652EE24802ACE00BBE2BC /* NamedEntity.swift */; };
		98B652F124802B3100BBE2BC /* EntityType.swift in Sources */ = {isa = PBXBuildFile; fileRef = 98B652F024802B3100BBE2BC /* EntityType.swift */; };
		98B652F324803CB300BBE2BC /* String+utils.swift in Sources */ = {isa = PBXBuildFile; fileRef = 98B652F224803CB300BBE2BC /* String+utils.swift */; };
		98DA267E24816380006761F8 /* Constants.swift in Sources */ = {isa = PBXBuildFile; fileRef = 98DA266624816380006761F8 /* Constants.swift */; };
		98DA267F24816380006761F8 /* CountryCodePickerViewController.swift in Sources */ = {isa = PBXBuildFile; fileRef = 98DA266824816380006761F8 /* CountryCodePickerViewController.swift */; };
		98DA268024816380006761F8 /* PhoneNumberTextField.swift in Sources */ = {isa = PBXBuildFile; fileRef = 98DA266924816380006761F8 /* PhoneNumberTextField.swift */; };
		98DA268124816380006761F8 /* PhoneNumber.swift in Sources */ = {isa = PBXBuildFile; fileRef = 98DA266A24816380006761F8 /* PhoneNumber.swift */; };
		98DA268224816380006761F8 /* RegexManager.swift in Sources */ = {isa = PBXBuildFile; fileRef = 98DA266B24816380006761F8 /* RegexManager.swift */; };
		98DA268324816380006761F8 /* MetadataTypes.swift in Sources */ = {isa = PBXBuildFile; fileRef = 98DA266C24816380006761F8 /* MetadataTypes.swift */; };
		98DA268424816380006761F8 /* MetadataParsing.swift in Sources */ = {isa = PBXBuildFile; fileRef = 98DA266D24816380006761F8 /* MetadataParsing.swift */; };
		98DA268524816380006761F8 /* ParseManager.swift in Sources */ = {isa = PBXBuildFile; fileRef = 98DA266E24816380006761F8 /* ParseManager.swift */; };
		98DA268624816380006761F8 /* NSRegularExpression+Swift.swift in Sources */ = {isa = PBXBuildFile; fileRef = 98DA267624816380006761F8 /* NSRegularExpression+Swift.swift */; };
		98DA268724816380006761F8 /* Formatter.swift in Sources */ = {isa = PBXBuildFile; fileRef = 98DA267724816380006761F8 /* Formatter.swift */; };
		98DA268824816380006761F8 /* MetadataManager.swift in Sources */ = {isa = PBXBuildFile; fileRef = 98DA267824816380006761F8 /* MetadataManager.swift */; };
		98DA268924816380006761F8 /* PartialFormatter.swift in Sources */ = {isa = PBXBuildFile; fileRef = 98DA267924816380006761F8 /* PartialFormatter.swift */; };
		98DA268A24816380006761F8 /* PhoneNumberFormatter.swift in Sources */ = {isa = PBXBuildFile; fileRef = 98DA267A24816380006761F8 /* PhoneNumberFormatter.swift */; };
		98DA268B24816380006761F8 /* PhoneNumberKit.swift in Sources */ = {isa = PBXBuildFile; fileRef = 98DA267B24816380006761F8 /* PhoneNumberKit.swift */; };
		98DA268C24816380006761F8 /* PhoneNumberParser.swift in Sources */ = {isa = PBXBuildFile; fileRef = 98DA267D24816380006761F8 /* PhoneNumberParser.swift */; };
/* End PBXBuildFile section */

/* Begin PBXCopyFilesBuildPhase section */
		98B652E224802A7000BBE2BC /* CopyFiles */ = {
			isa = PBXCopyFilesBuildPhase;
			buildActionMask = 2147483647;
			dstPath = /usr/share/man/man1/;
			dstSubfolderSpec = 0;
			files = (
			);
			runOnlyForDeploymentPostprocessing = 1;
		};
/* End PBXCopyFilesBuildPhase section */

/* Begin PBXFileReference section */
		91AF9A91D760BCF6A68C10FE /* Pods-algo.release.xcconfig */ = {isa = PBXFileReference; includeInIndex = 1; lastKnownFileType = text.xcconfig; name = "Pods-algo.release.xcconfig"; path = "Target Support Files/Pods-algo/Pods-algo.release.xcconfig"; sourceTree = "<group>"; };
		98B652E424802A7000BBE2BC /* algo */ = {isa = PBXFileReference; explicitFileType = "compiled.mach-o.executable"; includeInIndex = 0; path = algo; sourceTree = BUILT_PRODUCTS_DIR; };
		98B652E724802A7000BBE2BC /* main.swift */ = {isa = PBXFileReference; lastKnownFileType = sourcecode.swift; path = main.swift; sourceTree = "<group>"; };
		98B652EE24802ACE00BBE2BC /* NamedEntity.swift */ = {isa = PBXFileReference; lastKnownFileType = sourcecode.swift; path = NamedEntity.swift; sourceTree = "<group>"; };
		98B652F024802B3100BBE2BC /* EntityType.swift */ = {isa = PBXFileReference; lastKnownFileType = sourcecode.swift; path = EntityType.swift; sourceTree = "<group>"; };
		98B652F224803CB300BBE2BC /* String+utils.swift */ = {isa = PBXFileReference; lastKnownFileType = sourcecode.swift; path = "String+utils.swift"; sourceTree = "<group>"; };
		98DA25D024815C8A006761F8 /* PhoneNumberKit.framework */ = {isa = PBXFileReference; explicitFileType = wrapper.framework; path = PhoneNumberKit.framework; sourceTree = BUILT_PRODUCTS_DIR; };
		98DA25D424815CDC006761F8 /* PhoneNumberKit.framework */ = {isa = PBXFileReference; explicitFileType = wrapper.framework; path = PhoneNumberKit.framework; sourceTree = BUILT_PRODUCTS_DIR; };
		98DA266624816380006761F8 /* Constants.swift */ = {isa = PBXFileReference; fileEncoding = 4; lastKnownFileType = sourcecode.swift; path = Constants.swift; sourceTree = "<group>"; };
		98DA266824816380006761F8 /* CountryCodePickerViewController.swift */ = {isa = PBXFileReference; fileEncoding = 4; lastKnownFileType = sourcecode.swift; path = CountryCodePickerViewController.swift; sourceTree = "<group>"; };
		98DA266924816380006761F8 /* PhoneNumberTextField.swift */ = {isa = PBXFileReference; fileEncoding = 4; lastKnownFileType = sourcecode.swift; path = PhoneNumberTextField.swift; sourceTree = "<group>"; };
		98DA266A24816380006761F8 /* PhoneNumber.swift */ = {isa = PBXFileReference; fileEncoding = 4; lastKnownFileType = sourcecode.swift; path = PhoneNumber.swift; sourceTree = "<group>"; };
		98DA266B24816380006761F8 /* RegexManager.swift */ = {isa = PBXFileReference; fileEncoding = 4; lastKnownFileType = sourcecode.swift; path = RegexManager.swift; sourceTree = "<group>"; };
		98DA266C24816380006761F8 /* MetadataTypes.swift */ = {isa = PBXFileReference; fileEncoding = 4; lastKnownFileType = sourcecode.swift; path = MetadataTypes.swift; sourceTree = "<group>"; };
		98DA266D24816380006761F8 /* MetadataParsing.swift */ = {isa = PBXFileReference; fileEncoding = 4; lastKnownFileType = sourcecode.swift; path = MetadataParsing.swift; sourceTree = "<group>"; };
		98DA266E24816380006761F8 /* ParseManager.swift */ = {isa = PBXFileReference; fileEncoding = 4; lastKnownFileType = sourcecode.swift; path = ParseManager.swift; sourceTree = "<group>"; };
		98DA267124816380006761F8 /* PhoneNumberMetadata.xml */ = {isa = PBXFileReference; fileEncoding = 4; lastKnownFileType = text.xml; path = PhoneNumberMetadata.xml; sourceTree = "<group>"; };
		98DA267224816380006761F8 /* PhoneNumberMetadata.json */ = {isa = PBXFileReference; fileEncoding = 4; lastKnownFileType = text.json; path = PhoneNumberMetadata.json; sourceTree = "<group>"; };
		98DA267324816380006761F8 /* README.md */ = {isa = PBXFileReference; fileEncoding = 4; lastKnownFileType = net.daringfireball.markdown; path = README.md; sourceTree = "<group>"; };
		98DA267424816380006761F8 /* update.sh */ = {isa = PBXFileReference; fileEncoding = 4; lastKnownFileType = text.script.sh; path = update.sh; sourceTree = "<group>"; };
		98DA267524816380006761F8 /* PhoneNumberKit.h */ = {isa = PBXFileReference; fileEncoding = 4; lastKnownFileType = sourcecode.c.h; path = PhoneNumberKit.h; sourceTree = "<group>"; };
		98DA267624816380006761F8 /* NSRegularExpression+Swift.swift */ = {isa = PBXFileReference; fileEncoding = 4; lastKnownFileType = sourcecode.swift; path = "NSRegularExpression+Swift.swift"; sourceTree = "<group>"; };
		98DA267724816380006761F8 /* Formatter.swift */ = {isa = PBXFileReference; fileEncoding = 4; lastKnownFileType = sourcecode.swift; path = Formatter.swift; sourceTree = "<group>"; };
		98DA267824816380006761F8 /* MetadataManager.swift */ = {isa = PBXFileReference; fileEncoding = 4; lastKnownFileType = sourcecode.swift; path = MetadataManager.swift; sourceTree = "<group>"; };
		98DA267924816380006761F8 /* PartialFormatter.swift */ = {isa = PBXFileReference; fileEncoding = 4; lastKnownFileType = sourcecode.swift; path = PartialFormatter.swift; sourceTree = "<group>"; };
		98DA267A24816380006761F8 /* PhoneNumberFormatter.swift */ = {isa = PBXFileReference; fileEncoding = 4; lastKnownFileType = sourcecode.swift; path = PhoneNumberFormatter.swift; sourceTree = "<group>"; };
		98DA267B24816380006761F8 /* PhoneNumberKit.swift */ = {isa = PBXFileReference; fileEncoding = 4; lastKnownFileType = sourcecode.swift; path = PhoneNumberKit.swift; sourceTree = "<group>"; };
		98DA267C24816380006761F8 /* Info.plist */ = {isa = PBXFileReference; fileEncoding = 4; lastKnownFileType = text.plist.xml; path = Info.plist; sourceTree = "<group>"; };
		98DA267D24816380006761F8 /* PhoneNumberParser.swift */ = {isa = PBXFileReference; fileEncoding = 4; lastKnownFileType = sourcecode.swift; path = PhoneNumberParser.swift; sourceTree = "<group>"; };
		BFABA4D026904D90A7F2E4EB /* Pods_algo.framework */ = {isa = PBXFileReference; explicitFileType = wrapper.framework; includeInIndex = 0; path = Pods_algo.framework; sourceTree = BUILT_PRODUCTS_DIR; };
		CB19098D98D9A0C830EF434A /* Pods-algo.debug.xcconfig */ = {isa = PBXFileReference; includeInIndex = 1; lastKnownFileType = text.xcconfig; name = "Pods-algo.debug.xcconfig"; path = "Target Support Files/Pods-algo/Pods-algo.debug.xcconfig"; sourceTree = "<group>"; };
/* End PBXFileReference section */

/* Begin PBXFrameworksBuildPhase section */
		98B652E124802A7000BBE2BC /* Frameworks */ = {
			isa = PBXFrameworksBuildPhase;
			buildActionMask = 2147483647;
			files = (
				8A53A3036B70BB3F3C8ABD77 /* Pods_algo.framework in Frameworks */,
			);
			runOnlyForDeploymentPostprocessing = 0;
		};
/* End PBXFrameworksBuildPhase section */

/* Begin PBXGroup section */
		438405029BA09FC28D44A0C2 /* Frameworks */ = {
			isa = PBXGroup;
			children = (
				98DA25D424815CDC006761F8 /* PhoneNumberKit.framework */,
				98DA25D024815C8A006761F8 /* PhoneNumberKit.framework */,
				BFABA4D026904D90A7F2E4EB /* Pods_algo.framework */,
			);
			name = Frameworks;
			sourceTree = "<group>";
		};
		6A5C9D38AA20BCD602A6ABB1 /* Pods */ = {
			isa = PBXGroup;
			children = (
				CB19098D98D9A0C830EF434A /* Pods-algo.debug.xcconfig */,
				91AF9A91D760BCF6A68C10FE /* Pods-algo.release.xcconfig */,
			);
			path = Pods;
			sourceTree = "<group>";
		};
		98B652DB24802A7000BBE2BC = {
			isa = PBXGroup;
			children = (
				98B652E624802A7000BBE2BC /* algo */,
				98B652E524802A7000BBE2BC /* Products */,
				6A5C9D38AA20BCD602A6ABB1 /* Pods */,
				438405029BA09FC28D44A0C2 /* Frameworks */,
			);
			sourceTree = "<group>";
		};
		98B652E524802A7000BBE2BC /* Products */ = {
			isa = PBXGroup;
			children = (
				98B652E424802A7000BBE2BC /* algo */,
			);
			name = Products;
			sourceTree = "<group>";
		};
		98B652E624802A7000BBE2BC /* algo */ = {
			isa = PBXGroup;
			children = (
				98DA266524816380006761F8 /* PhoneNumberKit */,
				98B652E724802A7000BBE2BC /* main.swift */,
				98DA267224816380006761F8 /* PhoneNumberMetadata.json */,
				98B652EE24802ACE00BBE2BC /* NamedEntity.swift */,
				98B652F024802B3100BBE2BC /* EntityType.swift */,
				98B652F224803CB300BBE2BC /* String+utils.swift */,
			);
			path = algo;
			sourceTree = "<group>";
		};
		98DA266524816380006761F8 /* PhoneNumberKit */ = {
			isa = PBXGroup;
			children = (
				98DA266624816380006761F8 /* Constants.swift */,
				98DA266724816380006761F8 /* UI */,
				98DA266A24816380006761F8 /* PhoneNumber.swift */,
				98DA266B24816380006761F8 /* RegexManager.swift */,
				98DA266C24816380006761F8 /* MetadataTypes.swift */,
				98DA266D24816380006761F8 /* MetadataParsing.swift */,
				98DA266E24816380006761F8 /* ParseManager.swift */,
				98DA266F24816380006761F8 /* Resources */,
				98DA267524816380006761F8 /* PhoneNumberKit.h */,
				98DA267624816380006761F8 /* NSRegularExpression+Swift.swift */,
				98DA267724816380006761F8 /* Formatter.swift */,
				98DA267824816380006761F8 /* MetadataManager.swift */,
				98DA267924816380006761F8 /* PartialFormatter.swift */,
				98DA267A24816380006761F8 /* PhoneNumberFormatter.swift */,
				98DA267B24816380006761F8 /* PhoneNumberKit.swift */,
				98DA267C24816380006761F8 /* Info.plist */,
				98DA267D24816380006761F8 /* PhoneNumberParser.swift */,
			);
			path = PhoneNumberKit;
			sourceTree = "<group>";
		};
		98DA266724816380006761F8 /* UI */ = {
			isa = PBXGroup;
			children = (
				98DA266824816380006761F8 /* CountryCodePickerViewController.swift */,
				98DA266924816380006761F8 /* PhoneNumberTextField.swift */,
			);
			path = UI;
			sourceTree = "<group>";
		};
		98DA266F24816380006761F8 /* Resources */ = {
			isa = PBXGroup;
			children = (
				98DA267024816380006761F8 /* Original */,
				98DA267324816380006761F8 /* README.md */,
				98DA267424816380006761F8 /* update.sh */,
			);
			path = Resources;
			sourceTree = "<group>";
		};
		98DA267024816380006761F8 /* Original */ = {
			isa = PBXGroup;
			children = (
				98DA267124816380006761F8 /* PhoneNumberMetadata.xml */,
			);
			path = Original;
			sourceTree = "<group>";
		};
/* End PBXGroup section */

/* Begin PBXNativeTarget section */
		98B652E324802A7000BBE2BC /* algo */ = {
			isa = PBXNativeTarget;
			buildConfigurationList = 98B652EB24802A7000BBE2BC /* Build configuration list for PBXNativeTarget "algo" */;
			buildPhases = (
				10EBFC154029D9654D663F01 /* [CP] Check Pods Manifest.lock */,
				98B652E024802A7000BBE2BC /* Sources */,
				98B652E124802A7000BBE2BC /* Frameworks */,
				98B652E224802A7000BBE2BC /* CopyFiles */,
			);
			buildRules = (
			);
			dependencies = (
			);
			name = algo;
			productName = algo;
			productReference = 98B652E424802A7000BBE2BC /* algo */;
			productType = "com.apple.product-type.tool";
		};
/* End PBXNativeTarget section */

/* Begin PBXProject section */
		98B652DC24802A7000BBE2BC /* Project object */ = {
			isa = PBXProject;
			attributes = {
				LastSwiftUpdateCheck = 1150;
				LastUpgradeCheck = 1150;
				ORGANIZATIONNAME = "360medlink Tunisia";
				TargetAttributes = {
					98B652E324802A7000BBE2BC = {
						CreatedOnToolsVersion = 11.5;
					};
				};
			};
			buildConfigurationList = 98B652DF24802A7000BBE2BC /* Build configuration list for PBXProject "algo" */;
			compatibilityVersion = "Xcode 9.3";
			developmentRegion = en;
			hasScannedForEncodings = 0;
			knownRegions = (
				en,
				Base,
			);
			mainGroup = 98B652DB24802A7000BBE2BC;
			productRefGroup = 98B652E524802A7000BBE2BC /* Products */;
			projectDirPath = "";
			projectRoot = "";
			targets = (
				98B652E324802A7000BBE2BC /* algo */,
			);
		};
/* End PBXProject section */

/* Begin PBXShellScriptBuildPhase section */
		10EBFC154029D9654D663F01 /* [CP] Check Pods Manifest.lock */ = {
			isa = PBXShellScriptBuildPhase;
			buildActionMask = 2147483647;
			files = (
			);
			inputFileListPaths = (
			);
			inputPaths = (
				"${PODS_PODFILE_DIR_PATH}/Podfile.lock",
				"${PODS_ROOT}/Manifest.lock",
			);
			name = "[CP] Check Pods Manifest.lock";
			outputFileListPaths = (
			);
			outputPaths = (
				"$(DERIVED_FILE_DIR)/Pods-algo-checkManifestLockResult.txt",
			);
			runOnlyForDeploymentPostprocessing = 0;
			shellPath = /bin/sh;
			shellScript = "diff \"${PODS_PODFILE_DIR_PATH}/Podfile.lock\" \"${PODS_ROOT}/Manifest.lock\" > /dev/null\nif [ $? != 0 ] ; then\n    # print error to STDERR\n    echo \"error: The sandbox is not in sync with the Podfile.lock. Run 'pod install' or update your CocoaPods installation.\" >&2\n    exit 1\nfi\n# This output is used by Xcode 'outputs' to avoid re-running this script phase.\necho \"SUCCESS\" > \"${SCRIPT_OUTPUT_FILE_0}\"\n";
			showEnvVarsInLog = 0;
		};
/* End PBXShellScriptBuildPhase section */

/* Begin PBXSourcesBuildPhase section */
		98B652E024802A7000BBE2BC /* Sources */ = {
			isa = PBXSourcesBuildPhase;
			buildActionMask = 2147483647;
			files = (
				98DA268624816380006761F8 /* NSRegularExpression+Swift.swift in Sources */,
				98DA267E24816380006761F8 /* Constants.swift in Sources */,
				98DA268924816380006761F8 /* PartialFormatter.swift in Sources */,
				98DA268C24816380006761F8 /* PhoneNumberParser.swift in Sources */,
				98B652F324803CB300BBE2BC /* String+utils.swift in Sources */,
				98DA268B24816380006761F8 /* PhoneNumberKit.swift in Sources */,
				98DA267F24816380006761F8 /* CountryCodePickerViewController.swift in Sources */,
				98DA268024816380006761F8 /* PhoneNumberTextField.swift in Sources */,
				98DA268424816380006761F8 /* MetadataParsing.swift in Sources */,
				98DA268A24816380006761F8 /* PhoneNumberFormatter.swift in Sources */,
				98B652F124802B3100BBE2BC /* EntityType.swift in Sources */,
				98B652E824802A7000BBE2BC /* main.swift in Sources */,
				98DA268524816380006761F8 /* ParseManager.swift in Sources */,
				98DA268324816380006761F8 /* MetadataTypes.swift in Sources */,
				98DA268824816380006761F8 /* MetadataManager.swift in Sources */,
				98DA268724816380006761F8 /* Formatter.swift in Sources */,
				98B652EF24802ACE00BBE2BC /* NamedEntity.swift in Sources */,
				98DA268224816380006761F8 /* RegexManager.swift in Sources */,
				98DA268124816380006761F8 /* PhoneNumber.swift in Sources */,
			);
			runOnlyForDeploymentPostprocessing = 0;
		};
/* End PBXSourcesBuildPhase section */

/* Begin XCBuildConfiguration section */
		98B652E924802A7000BBE2BC /* Debug */ = {
			isa = XCBuildConfiguration;
			buildSettings = {
				ALWAYS_SEARCH_USER_PATHS = NO;
				CLANG_ANALYZER_NONNULL = YES;
				CLANG_ANALYZER_NUMBER_OBJECT_CONVERSION = YES_AGGRESSIVE;
				CLANG_CXX_LANGUAGE_STANDARD = "gnu++14";
				CLANG_CXX_LIBRARY = "libc++";
				CLANG_ENABLE_MODULES = YES;
				CLANG_ENABLE_OBJC_ARC = YES;
				CLANG_ENABLE_OBJC_WEAK = YES;
				CLANG_WARN_BLOCK_CAPTURE_AUTORELEASING = YES;
				CLANG_WARN_BOOL_CONVERSION = YES;
				CLANG_WARN_COMMA = YES;
				CLANG_WARN_CONSTANT_CONVERSION = YES;
				CLANG_WARN_DEPRECATED_OBJC_IMPLEMENTATIONS = YES;
				CLANG_WARN_DIRECT_OBJC_ISA_USAGE = YES_ERROR;
				CLANG_WARN_DOCUMENTATION_COMMENTS = YES;
				CLANG_WARN_EMPTY_BODY = YES;
				CLANG_WARN_ENUM_CONVERSION = YES;
				CLANG_WARN_INFINITE_RECURSION = YES;
				CLANG_WARN_INT_CONVERSION = YES;
				CLANG_WARN_NON_LITERAL_NULL_CONVERSION = YES;
				CLANG_WARN_OBJC_IMPLICIT_RETAIN_SELF = YES;
				CLANG_WARN_OBJC_LITERAL_CONVERSION = YES;
				CLANG_WARN_OBJC_ROOT_CLASS = YES_ERROR;
				CLANG_WARN_RANGE_LOOP_ANALYSIS = YES;
				CLANG_WARN_STRICT_PROTOTYPES = YES;
				CLANG_WARN_SUSPICIOUS_MOVE = YES;
				CLANG_WARN_UNGUARDED_AVAILABILITY = YES_AGGRESSIVE;
				CLANG_WARN_UNREACHABLE_CODE = YES;
				CLANG_WARN__DUPLICATE_METHOD_MATCH = YES;
				COPY_PHASE_STRIP = NO;
				DEBUG_INFORMATION_FORMAT = dwarf;
				ENABLE_STRICT_OBJC_MSGSEND = YES;
				ENABLE_TESTABILITY = YES;
				GCC_C_LANGUAGE_STANDARD = gnu11;
				GCC_DYNAMIC_NO_PIC = NO;
				GCC_NO_COMMON_BLOCKS = YES;
				GCC_OPTIMIZATION_LEVEL = 0;
				GCC_PREPROCESSOR_DEFINITIONS = (
					"DEBUG=1",
					"$(inherited)",
				);
				GCC_WARN_64_TO_32_BIT_CONVERSION = YES;
				GCC_WARN_ABOUT_RETURN_TYPE = YES_ERROR;
				GCC_WARN_UNDECLARED_SELECTOR = YES;
				GCC_WARN_UNINITIALIZED_AUTOS = YES_AGGRESSIVE;
				GCC_WARN_UNUSED_FUNCTION = YES;
				GCC_WARN_UNUSED_VARIABLE = YES;
				MACOSX_DEPLOYMENT_TARGET = 10.15;
				MTL_ENABLE_DEBUG_INFO = INCLUDE_SOURCE;
				MTL_FAST_MATH = YES;
				ONLY_ACTIVE_ARCH = YES;
				SDKROOT = macosx;
				SWIFT_ACTIVE_COMPILATION_CONDITIONS = DEBUG;
				SWIFT_OPTIMIZATION_LEVEL = "-Onone";
			};
			name = Debug;
		};
		98B652EA24802A7000BBE2BC /* Release */ = {
			isa = XCBuildConfiguration;
			buildSettings = {
				ALWAYS_SEARCH_USER_PATHS = NO;
				CLANG_ANALYZER_NONNULL = YES;
				CLANG_ANALYZER_NUMBER_OBJECT_CONVERSION = YES_AGGRESSIVE;
				CLANG_CXX_LANGUAGE_STANDARD = "gnu++14";
				CLANG_CXX_LIBRARY = "libc++";
				CLANG_ENABLE_MODULES = YES;
				CLANG_ENABLE_OBJC_ARC = YES;
				CLANG_ENABLE_OBJC_WEAK = YES;
				CLANG_WARN_BLOCK_CAPTURE_AUTORELEASING = YES;
				CLANG_WARN_BOOL_CONVERSION = YES;
				CLANG_WARN_COMMA = YES;
				CLANG_WARN_CONSTANT_CONVERSION = YES;
				CLANG_WARN_DEPRECATED_OBJC_IMPLEMENTATIONS = YES;
				CLANG_WARN_DIRECT_OBJC_ISA_USAGE = YES_ERROR;
				CLANG_WARN_DOCUMENTATION_COMMENTS = YES;
				CLANG_WARN_EMPTY_BODY = YES;
				CLANG_WARN_ENUM_CONVERSION = YES;
				CLANG_WARN_INFINITE_RECURSION = YES;
				CLANG_WARN_INT_CONVERSION = YES;
				CLANG_WARN_NON_LITERAL_NULL_CONVERSION = YES;
				CLANG_WARN_OBJC_IMPLICIT_RETAIN_SELF = YES;
				CLANG_WARN_OBJC_LITERAL_CONVERSION = YES;
				CLANG_WARN_OBJC_ROOT_CLASS = YES_ERROR;
				CLANG_WARN_RANGE_LOOP_ANALYSIS = YES;
				CLANG_WARN_STRICT_PROTOTYPES = YES;
				CLANG_WARN_SUSPICIOUS_MOVE = YES;
				CLANG_WARN_UNGUARDED_AVAILABILITY = YES_AGGRESSIVE;
				CLANG_WARN_UNREACHABLE_CODE = YES;
				CLANG_WARN__DUPLICATE_METHOD_MATCH = YES;
				COPY_PHASE_STRIP = NO;
				DEBUG_INFORMATION_FORMAT = "dwarf-with-dsym";
				ENABLE_NS_ASSERTIONS = NO;
				ENABLE_STRICT_OBJC_MSGSEND = YES;
				GCC_C_LANGUAGE_STANDARD = gnu11;
				GCC_NO_COMMON_BLOCKS = YES;
				GCC_WARN_64_TO_32_BIT_CONVERSION = YES;
				GCC_WARN_ABOUT_RETURN_TYPE = YES_ERROR;
				GCC_WARN_UNDECLARED_SELECTOR = YES;
				GCC_WARN_UNINITIALIZED_AUTOS = YES_AGGRESSIVE;
				GCC_WARN_UNUSED_FUNCTION = YES;
				GCC_WARN_UNUSED_VARIABLE = YES;
				MACOSX_DEPLOYMENT_TARGET = 10.15;
				MTL_ENABLE_DEBUG_INFO = NO;
				MTL_FAST_MATH = YES;
				SDKROOT = macosx;
				SWIFT_COMPILATION_MODE = wholemodule;
				SWIFT_OPTIMIZATION_LEVEL = "-O";
			};
			name = Release;
		};
		98B652EC24802A7000BBE2BC /* Debug */ = {
			isa = XCBuildConfiguration;
			baseConfigurationReference = CB19098D98D9A0C830EF434A /* Pods-algo.debug.xcconfig */;
			buildSettings = {
				CODE_SIGN_STYLE = Automatic;
				PRODUCT_NAME = "$(TARGET_NAME)";
				SWIFT_VERSION = 5.0;
			};
			name = Debug;
		};
		98B652ED24802A7000BBE2BC /* Release */ = {
			isa = XCBuildConfiguration;
			baseConfigurationReference = 91AF9A91D760BCF6A68C10FE /* Pods-algo.release.xcconfig */;
			buildSettings = {
				CODE_SIGN_STYLE = Automatic;
				PRODUCT_NAME = "$(TARGET_NAME)";
				SWIFT_VERSION = 5.0;
			};
			name = Release;
		};
/* End XCBuildConfiguration section */

/* Begin XCConfigurationList section */
		98B652DF24802A7000BBE2BC /* Build configuration list for PBXProject "algo" */ = {
			isa = XCConfigurationList;
			buildConfigurations = (
				98B652E924802A7000BBE2BC /* Debug */,
				98B652EA24802A7000BBE2BC /* Release */,
			);
			defaultConfigurationIsVisible = 0;
			defaultConfigurationName = Release;
		};
		98B652EB24802A7000BBE2BC /* Build configuration list for PBXNativeTarget "algo" */ = {
			isa = XCConfigurationList;
			buildConfigurations = (
				98B652EC24802A7000BBE2BC /* Debug */,
				98B652ED24802A7000BBE2BC /* Release */,
			);
			defaultConfigurationIsVisible = 0;
			defaultConfigurationName = Release;
		};
/* End XCConfigurationList section */
	};
	rootObject = 98B652DC24802A7000BBE2BC /* Project object */;
}
